<?xml version="1.0" encoding="utf-8"?>
<Project ToolsVersion="4.0" xmlns="http://schemas.microsoft.com/developer/msbuild/2003">
  <ItemGroup>
    <Filter Include="header">
      <UniqueIdentifier>{d03591da-239c-4e28-a6b4-816157a8dcb6}</UniqueIdentifier>
    </Filter>
    <Filter Include="src">
      <UniqueIdentifier>{78ab13a4-7f56-4eb0-8d0e-357f84d56962}</UniqueIdentifier>
    </Filter>
  </ItemGroup>
  <ItemGroup>
    <ClInclude Include="..\lib\header\lexer.h">
      <Filter>header</Filter>
    </ClInclude>
    <ClInclude Include="..\lib\header\common.h">
      <Filter>header</Filter>
    </ClInclude>
    <ClInclude Include="..\lib\header\token.h">
      <Filter>header</Filter>
    </ClInclude>
  </ItemGroup>
  <ItemGroup>
    <ClCompile Include="..\lib\src\lexer.cpp">
      <Filter>src</Filter>
    </ClCompile>
  </ItemGroup>
</Project>